
Microsoft Visual Studio Solution File, Format Version 12.00
# Visual Studio Version 16
VisualStudioVersion = 16.0.29306.81
MinimumVisualStudioVersion = 10.0.40219.1
Project("{FAE04EC0-301F-11D3-BF4B-00C04F79EFBC}") = "ManageShop", "ManageShop\ManageShop.csproj", "{BE3D6436-9C79-4C13-BD99-4D76B817989A}"
EndProject
Global
	GlobalSection(SolutionConfigurationPlatforms) = preSolution
		Debug|Any CPU = Debug|Any CPU
		Release|Any CPU = Release|Any CPU
	EndGlobalSection
	GlobalSection(ProjectConfigurationPlatforms) = postSolution
		{BE3D6436-9C79-4C13-BD99-4D76B817989A}.Debug|Any CPU.ActiveCfg = Debug|Any CPU
		{BE3D6436-9C79-4C13-BD99-4D76B817989A}.Debug|Any CPU.Build.0 = Debug|Any CPU
		{BE3D6436-9C79-4C13-BD99-4D76B817989A}.Release|Any CPU.ActiveCfg = Release|Any CPU
		{BE3D6436-9C79-4C13-BD99-4D76B817989A}.Release|Any CPU.Build.0 = Release|Any CPU
	EndGlobalSection
	GlobalSection(SolutionProperties) = preSolution
		HideSolutionNode = FALSE
	EndGlobalSection
	GlobalSection(ExtensibilityGlobals) = postSolution
		SolutionGuid = {5A03C742-F262-4D74-BF2E-0CAE592164A6}
	EndGlobalSection
EndGlobal
